
Microsoft Visual Studio Solution File, Format Version 12.00
# Visual Studio 14
VisualStudioVersion = 14.0.24720.0
MinimumVisualStudioVersion = 10.0.40219.1
Project("{8BC9CEB8-8B4A-11D0-8D11-00A0C91BC942}") = "HTTPURL", "HTTPURL\HTTPURL.vcxproj", "{D8F6B592-21D7-4F74-9B10-62C475585468}"
EndProject
Project("{8BC9CEB8-8B4A-11D0-8D11-00A0C91BC942}") = "HTTPURLTests", "HTTPURLTests\HTTPURLTests.vcxproj", "{7AD6991E-BEB2-40C5-AAB6-0B25469EBA3E}"
EndProject
Global
	GlobalSection(SolutionConfigurationPlatforms) = preSolution
		Debug|x64 = Debug|x64
		Debug|x86 = Debug|x86
		Release|x64 = Release|x64
		Release|x86 = Release|x86
	EndGlobalSection
	GlobalSection(ProjectConfigurationPlatforms) = postSolution
		{D8F6B592-21D7-4F74-9B10-62C475585468}.Debug|x64.ActiveCfg = Debug|x64
		{D8F6B592-21D7-4F74-9B10-62C475585468}.Debug|x64.Build.0 = Debug|x64
		{D8F6B592-21D7-4F74-9B10-62C475585468}.Debug|x86.ActiveCfg = Debug|Win32
		{D8F6B592-21D7-4F74-9B10-62C475585468}.Debug|x86.Build.0 = Debug|Win32
		{D8F6B592-21D7-4F74-9B10-62C475585468}.Release|x64.ActiveCfg = Release|x64
		{D8F6B592-21D7-4F74-9B10-62C475585468}.Release|x64.Build.0 = Release|x64
		{D8F6B592-21D7-4F74-9B10-62C475585468}.Release|x86.ActiveCfg = Release|Win32
		{D8F6B592-21D7-4F74-9B10-62C475585468}.Release|x86.Build.0 = Release|Win32
		{7AD6991E-BEB2-40C5-AAB6-0B25469EBA3E}.Debug|x64.ActiveCfg = Debug|x64
		{7AD6991E-BEB2-40C5-AAB6-0B25469EBA3E}.Debug|x64.Build.0 = Debug|x64
		{7AD6991E-BEB2-40C5-AAB6-0B25469EBA3E}.Debug|x86.ActiveCfg = Debug|Win32
		{7AD6991E-BEB2-40C5-AAB6-0B25469EBA3E}.Debug|x86.Build.0 = Debug|Win32
		{7AD6991E-BEB2-40C5-AAB6-0B25469EBA3E}.Release|x64.ActiveCfg = Release|x64
		{7AD6991E-BEB2-40C5-AAB6-0B25469EBA3E}.Release|x64.Build.0 = Release|x64
		{7AD6991E-BEB2-40C5-AAB6-0B25469EBA3E}.Release|x86.ActiveCfg = Release|Win32
		{7AD6991E-BEB2-40C5-AAB6-0B25469EBA3E}.Release|x86.Build.0 = Release|Win32
	EndGlobalSection
	GlobalSection(SolutionProperties) = preSolution
		HideSolutionNode = FALSE
	EndGlobalSection
EndGlobal
